
Microsoft Visual Studio Solution File, Format Version 12.00
# Visual Studio Version 17
VisualStudioVersion = 17.4.33103.184
MinimumVisualStudioVersion = 10.0.40219.1
Project("{FAE04EC0-301F-11D3-BF4B-00C04F79EFBC}") = "1074", "1074\1074.csproj", "{06F37213-F104-487D-A546-7668585E9015}"
EndProject
Global
	GlobalSection(SolutionConfigurationPlatforms) = preSolution
		Debug|Any CPU = Debug|Any CPU
		Release|Any CPU = Release|Any CPU
	EndGlobalSection
	GlobalSection(ProjectConfigurationPlatforms) = postSolution
		{06F37213-F104-487D-A546-7668585E9015}.Debug|Any CPU.ActiveCfg = Debug|Any CPU
		{06F37213-F104-487D-A546-7668585E9015}.Debug|Any CPU.Build.0 = Debug|Any CPU
		{06F37213-F104-487D-A546-7668585E9015}.Release|Any CPU.ActiveCfg = Release|Any CPU
		{06F37213-F104-487D-A546-7668585E9015}.Release|Any CPU.Build.0 = Release|Any CPU
	EndGlobalSection
	GlobalSection(SolutionProperties) = preSolution
		HideSolutionNode = FALSE
	EndGlobalSection
	GlobalSection(ExtensibilityGlobals) = postSolution
		SolutionGuid = {2D23A15A-C58C-4EAA-B489-5D79BE9F65B3}
	EndGlobalSection
EndGlobal
