
Microsoft Visual Studio Solution File, Format Version 12.00
# Visual Studio Version 17
VisualStudioVersion = 17.4.33103.184
MinimumVisualStudioVersion = 10.0.40219.1
Project("{FAE04EC0-301F-11D3-BF4B-00C04F79EFBC}") = "1017", "1017\1017.csproj", "{F78F3D33-EF5E-4D27-95D6-C7E625721F49}"
EndProject
Global
	GlobalSection(SolutionConfigurationPlatforms) = preSolution
		Debug|Any CPU = Debug|Any CPU
		Release|Any CPU = Release|Any CPU
	EndGlobalSection
	GlobalSection(ProjectConfigurationPlatforms) = postSolution
		{F78F3D33-EF5E-4D27-95D6-C7E625721F49}.Debug|Any CPU.ActiveCfg = Debug|Any CPU
		{F78F3D33-EF5E-4D27-95D6-C7E625721F49}.Debug|Any CPU.Build.0 = Debug|Any CPU
		{F78F3D33-EF5E-4D27-95D6-C7E625721F49}.Release|Any CPU.ActiveCfg = Release|Any CPU
		{F78F3D33-EF5E-4D27-95D6-C7E625721F49}.Release|Any CPU.Build.0 = Release|Any CPU
	EndGlobalSection
	GlobalSection(SolutionProperties) = preSolution
		HideSolutionNode = FALSE
	EndGlobalSection
	GlobalSection(ExtensibilityGlobals) = postSolution
		SolutionGuid = {EB8D5102-E846-4D59-8563-245AF063F724}
	EndGlobalSection
EndGlobal
