
Microsoft Visual Studio Solution File, Format Version 12.00
# Visual Studio Version 17
VisualStudioVersion = 17.4.33103.184
MinimumVisualStudioVersion = 10.0.40219.1
Project("{FAE04EC0-301F-11D3-BF4B-00C04F79EFBC}") = "1018", "1018\1018.csproj", "{7C042BA6-A623-44D2-8819-D9290300C63D}"
EndProject
Global
	GlobalSection(SolutionConfigurationPlatforms) = preSolution
		Debug|Any CPU = Debug|Any CPU
		Release|Any CPU = Release|Any CPU
	EndGlobalSection
	GlobalSection(ProjectConfigurationPlatforms) = postSolution
		{7C042BA6-A623-44D2-8819-D9290300C63D}.Debug|Any CPU.ActiveCfg = Debug|Any CPU
		{7C042BA6-A623-44D2-8819-D9290300C63D}.Debug|Any CPU.Build.0 = Debug|Any CPU
		{7C042BA6-A623-44D2-8819-D9290300C63D}.Release|Any CPU.ActiveCfg = Release|Any CPU
		{7C042BA6-A623-44D2-8819-D9290300C63D}.Release|Any CPU.Build.0 = Release|Any CPU
	EndGlobalSection
	GlobalSection(SolutionProperties) = preSolution
		HideSolutionNode = FALSE
	EndGlobalSection
	GlobalSection(ExtensibilityGlobals) = postSolution
		SolutionGuid = {CA86E59F-84ED-43DB-80AE-BE00C59E7F5B}
	EndGlobalSection
EndGlobal
