
Microsoft Visual Studio Solution File, Format Version 12.00
# Visual Studio Version 17
VisualStudioVersion = 17.4.33103.184
MinimumVisualStudioVersion = 10.0.40219.1
Project("{FAE04EC0-301F-11D3-BF4B-00C04F79EFBC}") = "1007", "1007\1007.csproj", "{459D5F63-F353-4524-B402-D3C0686BCD77}"
EndProject
Global
	GlobalSection(SolutionConfigurationPlatforms) = preSolution
		Debug|Any CPU = Debug|Any CPU
		Release|Any CPU = Release|Any CPU
	EndGlobalSection
	GlobalSection(ProjectConfigurationPlatforms) = postSolution
		{459D5F63-F353-4524-B402-D3C0686BCD77}.Debug|Any CPU.ActiveCfg = Debug|Any CPU
		{459D5F63-F353-4524-B402-D3C0686BCD77}.Debug|Any CPU.Build.0 = Debug|Any CPU
		{459D5F63-F353-4524-B402-D3C0686BCD77}.Release|Any CPU.ActiveCfg = Release|Any CPU
		{459D5F63-F353-4524-B402-D3C0686BCD77}.Release|Any CPU.Build.0 = Release|Any CPU
	EndGlobalSection
	GlobalSection(SolutionProperties) = preSolution
		HideSolutionNode = FALSE
	EndGlobalSection
	GlobalSection(ExtensibilityGlobals) = postSolution
		SolutionGuid = {4DCD64A2-BB30-4DE4-B4F1-1C537B01624E}
	EndGlobalSection
EndGlobal
