
Microsoft Visual Studio Solution File, Format Version 12.00
# Visual Studio Version 17
VisualStudioVersion = 17.4.33103.184
MinimumVisualStudioVersion = 10.0.40219.1
Project("{FAE04EC0-301F-11D3-BF4B-00C04F79EFBC}") = "1008", "1008\1008.csproj", "{D70FB628-1C4B-44EF-931B-7E10E17495AF}"
EndProject
Global
	GlobalSection(SolutionConfigurationPlatforms) = preSolution
		Debug|Any CPU = Debug|Any CPU
		Release|Any CPU = Release|Any CPU
	EndGlobalSection
	GlobalSection(ProjectConfigurationPlatforms) = postSolution
		{D70FB628-1C4B-44EF-931B-7E10E17495AF}.Debug|Any CPU.ActiveCfg = Debug|Any CPU
		{D70FB628-1C4B-44EF-931B-7E10E17495AF}.Debug|Any CPU.Build.0 = Debug|Any CPU
		{D70FB628-1C4B-44EF-931B-7E10E17495AF}.Release|Any CPU.ActiveCfg = Release|Any CPU
		{D70FB628-1C4B-44EF-931B-7E10E17495AF}.Release|Any CPU.Build.0 = Release|Any CPU
	EndGlobalSection
	GlobalSection(SolutionProperties) = preSolution
		HideSolutionNode = FALSE
	EndGlobalSection
	GlobalSection(ExtensibilityGlobals) = postSolution
		SolutionGuid = {4ABDD2B0-FD08-4019-AD9F-856AA964BE0B}
	EndGlobalSection
EndGlobal
