
Microsoft Visual Studio Solution File, Format Version 12.00
# Visual Studio Version 17
VisualStudioVersion = 17.4.33103.184
MinimumVisualStudioVersion = 10.0.40219.1
Project("{FAE04EC0-301F-11D3-BF4B-00C04F79EFBC}") = "1051", "1051\1051.csproj", "{7E72AA04-59B1-481B-BBAC-90C5E897BC37}"
EndProject
Global
	GlobalSection(SolutionConfigurationPlatforms) = preSolution
		Debug|Any CPU = Debug|Any CPU
		Release|Any CPU = Release|Any CPU
	EndGlobalSection
	GlobalSection(ProjectConfigurationPlatforms) = postSolution
		{7E72AA04-59B1-481B-BBAC-90C5E897BC37}.Debug|Any CPU.ActiveCfg = Debug|Any CPU
		{7E72AA04-59B1-481B-BBAC-90C5E897BC37}.Debug|Any CPU.Build.0 = Debug|Any CPU
		{7E72AA04-59B1-481B-BBAC-90C5E897BC37}.Release|Any CPU.ActiveCfg = Release|Any CPU
		{7E72AA04-59B1-481B-BBAC-90C5E897BC37}.Release|Any CPU.Build.0 = Release|Any CPU
	EndGlobalSection
	GlobalSection(SolutionProperties) = preSolution
		HideSolutionNode = FALSE
	EndGlobalSection
	GlobalSection(ExtensibilityGlobals) = postSolution
		SolutionGuid = {6BF7C4DA-599B-487F-8D8A-22C9ADA625A2}
	EndGlobalSection
EndGlobal
